
Microsoft Visual Studio Solution File, Format Version 12.00
Project("{FAE04EC0-301F-11D3-BF4B-00C04F79EFBC}") = "TMS.API", "TMS.API\TMS.API.csproj", "{0E6D45E4-475C-4440-B1A0-BF946B366457}"
EndProject
Project("{FAE04EC0-301F-11D3-BF4B-00C04F79EFBC}") = "TMS.DAL", "TMS.DAL\TMS.DAL.csproj", "{3EC62959-E86C-4823-8BE5-15D968FB92BE}"
EndProject
Project("{FAE04EC0-301F-11D3-BF4B-00C04F79EFBC}") = "TMS.Infrastructure", "TMS.Infrastructure\TMS.Infrastructure.csproj", "{75398E2E-8E79-4BA6-8D24-E62A310BB863}"
EndProject
Project("{FAE04EC0-301F-11D3-BF4B-00C04F79EFBC}") = "TMS.Domain", "TMS.Domain\TMS.Domain.csproj", "{5204888C-6FE1-4F09-8B90-61268F98D086}"
EndProject
Global
	GlobalSection(SolutionConfigurationPlatforms) = preSolution
		Debug|Any CPU = Debug|Any CPU
		Release|Any CPU = Release|Any CPU
	EndGlobalSection
	GlobalSection(ProjectConfigurationPlatforms) = postSolution
		{0E6D45E4-475C-4440-B1A0-BF946B366457}.Debug|Any CPU.ActiveCfg = Debug|Any CPU
		{0E6D45E4-475C-4440-B1A0-BF946B366457}.Debug|Any CPU.Build.0 = Debug|Any CPU
		{0E6D45E4-475C-4440-B1A0-BF946B366457}.Release|Any CPU.ActiveCfg = Release|Any CPU
		{0E6D45E4-475C-4440-B1A0-BF946B366457}.Release|Any CPU.Build.0 = Release|Any CPU
		{3EC62959-E86C-4823-8BE5-15D968FB92BE}.Debug|Any CPU.ActiveCfg = Debug|Any CPU
		{3EC62959-E86C-4823-8BE5-15D968FB92BE}.Debug|Any CPU.Build.0 = Debug|Any CPU
		{3EC62959-E86C-4823-8BE5-15D968FB92BE}.Release|Any CPU.ActiveCfg = Release|Any CPU
		{3EC62959-E86C-4823-8BE5-15D968FB92BE}.Release|Any CPU.Build.0 = Release|Any CPU
		{75398E2E-8E79-4BA6-8D24-E62A310BB863}.Debug|Any CPU.ActiveCfg = Debug|Any CPU
		{75398E2E-8E79-4BA6-8D24-E62A310BB863}.Debug|Any CPU.Build.0 = Debug|Any CPU
		{75398E2E-8E79-4BA6-8D24-E62A310BB863}.Release|Any CPU.ActiveCfg = Release|Any CPU
		{75398E2E-8E79-4BA6-8D24-E62A310BB863}.Release|Any CPU.Build.0 = Release|Any CPU
		{5204888C-6FE1-4F09-8B90-61268F98D086}.Debug|Any CPU.ActiveCfg = Debug|Any CPU
		{5204888C-6FE1-4F09-8B90-61268F98D086}.Debug|Any CPU.Build.0 = Debug|Any CPU
		{5204888C-6FE1-4F09-8B90-61268F98D086}.Release|Any CPU.ActiveCfg = Release|Any CPU
		{5204888C-6FE1-4F09-8B90-61268F98D086}.Release|Any CPU.Build.0 = Release|Any CPU
	EndGlobalSection
EndGlobal
